
Microsoft Visual Studio Solution File, Format Version 12.00
# Visual Studio Version 17
VisualStudioVersion = 17.6.33723.286
MinimumVisualStudioVersion = 10.0.40219.1
Project("{FAE04EC0-301F-11D3-BF4B-00C04F79EFBC}") = "kursatch", "kursatch\kursatch.csproj", "{C976B20D-9423-494C-A62A-762646461198}"
EndProject
Global
	GlobalSection(SolutionConfigurationPlatforms) = preSolution
		Debug|Any CPU = Debug|Any CPU
		Release|Any CPU = Release|Any CPU
	EndGlobalSection
	GlobalSection(ProjectConfigurationPlatforms) = postSolution
		{C976B20D-9423-494C-A62A-762646461198}.Debug|Any CPU.ActiveCfg = Debug|Any CPU
		{C976B20D-9423-494C-A62A-762646461198}.Debug|Any CPU.Build.0 = Debug|Any CPU
		{C976B20D-9423-494C-A62A-762646461198}.Release|Any CPU.ActiveCfg = Release|Any CPU
		{C976B20D-9423-494C-A62A-762646461198}.Release|Any CPU.Build.0 = Release|Any CPU
	EndGlobalSection
	GlobalSection(SolutionProperties) = preSolution
		HideSolutionNode = FALSE
	EndGlobalSection
	GlobalSection(ExtensibilityGlobals) = postSolution
		SolutionGuid = {4650952C-D091-4ECA-B676-58D230A9D706}
	EndGlobalSection
EndGlobal
